Microsoft Visual Studio Solution File, Format Version 12.00
# Visual Studio Version 17
VisualStudioVersion = 17.5.2.0
MinimumVisualStudioVersion = 10.0.40219.1
Project("{FAE04EC0-301F-11D3-BF4B-00C04F79EFBC}") = "Basic_Week_One", "Basic_Week_One.csproj", "{757D9393-B773-F146-6575-28FE3FD6B53D}"
EndProject
Global
	GlobalSection(SolutionConfigurationPlatforms) = preSolution
		Debug|Any CPU = Debug|Any CPU
		Release|Any CPU = Release|Any CPU
	EndGlobalSection
	GlobalSection(ProjectConfigurationPlatforms) = postSolution
		{757D9393-B773-F146-6575-28FE3FD6B53D}.Debug|Any CPU.ActiveCfg = Debug|Any CPU
		{757D9393-B773-F146-6575-28FE3FD6B53D}.Debug|Any CPU.Build.0 = Debug|Any CPU
		{757D9393-B773-F146-6575-28FE3FD6B53D}.Release|Any CPU.ActiveCfg = Release|Any CPU
		{757D9393-B773-F146-6575-28FE3FD6B53D}.Release|Any CPU.Build.0 = Release|Any CPU
	EndGlobalSection
	GlobalSection(SolutionProperties) = preSolution
		HideSolutionNode = FALSE
	EndGlobalSection
	GlobalSection(ExtensibilityGlobals) = postSolution
		SolutionGuid = {5880229F-9E5A-4D22-8F35-A901F85B7AEB}
	EndGlobalSection
EndGlobal
